
Microsoft Visual Studio Solution File, Format Version 12.00
# Visual Studio Version 16
VisualStudioVersion = 16.0.30717.126
MinimumVisualStudioVersion = 10.0.40219.1
Project("{FAE04EC0-301F-11D3-BF4B-00C04F79EFBC}") = "GetIrnConsoleApplication", "GetIrnConsoleApplication\GetIrnConsoleApplication.csproj", "{0A7853EB-36EA-424D-AEA9-09435B87632E}"
EndProject
Global
	GlobalSection(SolutionConfigurationPlatforms) = preSolution
		Debug|Any CPU = Debug|Any CPU
		Release|Any CPU = Release|Any CPU
	EndGlobalSection
	GlobalSection(ProjectConfigurationPlatforms) = postSolution
		{0A7853EB-36EA-424D-AEA9-09435B87632E}.Debug|Any CPU.ActiveCfg = Debug|Any CPU
		{0A7853EB-36EA-424D-AEA9-09435B87632E}.Debug|Any CPU.Build.0 = Debug|Any CPU
		{0A7853EB-36EA-424D-AEA9-09435B87632E}.Release|Any CPU.ActiveCfg = Release|Any CPU
		{0A7853EB-36EA-424D-AEA9-09435B87632E}.Release|Any CPU.Build.0 = Release|Any CPU
	EndGlobalSection
	GlobalSection(SolutionProperties) = preSolution
		HideSolutionNode = FALSE
	EndGlobalSection
	GlobalSection(ExtensibilityGlobals) = postSolution
		SolutionGuid = {A222D229-241A-40F2-8116-3FC345A3C7D3}
	EndGlobalSection
EndGlobal
